{
  "name": "miniapp-loader",
  "version": "1.0.0",
  "lockfileVersion": 1,
  "requires": true,
  "dependencies": {
    "hash-sum": {
      "version": "1.0.2",
      "resolved": "http://registry.npm.taobao.org/hash-sum/download/hash-sum-1.0.2.tgz"
    },
    "vue-template-compiler": {
      "version": "2.5.17",
      "resolved": "http://registry.npm.taobao.org/vue-template-compiler/download/vue-template-compiler-2.5.17.tgz",
      "requires": {
        "de-indent": "1.0.2",
        "he": "1.2.0"
      },
      "dependencies": {
        "de-indent": {
          "version": "1.0.2",
          "resolved": "http://registry.npm.taobao.org/de-indent/download/de-indent-1.0.2.tgz"
        },
        "he": {
          "version": "1.2.0",
          "resolved": "http://registry.npm.taobao.org/he/download/he-1.2.0.tgz"
        }
      }
    }
  }
}
